
Microsoft Visual Studio Solution File, Format Version 12.00
# Visual Studio 15
VisualStudioVersion = 15.0.27004.2006
MinimumVisualStudioVersion = 10.0.40219.1
Project("{8BC9CEB8-8B4A-11D0-8D11-00A0C91BC942}") = "3.21", "3.21\3.21.vcxproj", "{5CF61936-E642-48EC-92A8-9C22BAF09730}"
EndProject
Global
	GlobalSection(SolutionConfigurationPlatforms) = preSolution
		Debug|x64 = Debug|x64
		Debug|x86 = Debug|x86
		Release|x64 = Release|x64
		Release|x86 = Release|x86
	EndGlobalSection
	GlobalSection(ProjectConfigurationPlatforms) = postSolution
		{5CF61936-E642-48EC-92A8-9C22BAF09730}.Debug|x64.ActiveCfg = Debug|x64
		{5CF61936-E642-48EC-92A8-9C22BAF09730}.Debug|x64.Build.0 = Debug|x64
		{5CF61936-E642-48EC-92A8-9C22BAF09730}.Debug|x86.ActiveCfg = Debug|Win32
		{5CF61936-E642-48EC-92A8-9C22BAF09730}.Debug|x86.Build.0 = Debug|Win32
		{5CF61936-E642-48EC-92A8-9C22BAF09730}.Release|x64.ActiveCfg = Release|x64
		{5CF61936-E642-48EC-92A8-9C22BAF09730}.Release|x64.Build.0 = Release|x64
		{5CF61936-E642-48EC-92A8-9C22BAF09730}.Release|x86.ActiveCfg = Release|Win32
		{5CF61936-E642-48EC-92A8-9C22BAF09730}.Release|x86.Build.0 = Release|Win32
	EndGlobalSection
	GlobalSection(SolutionProperties) = preSolution
		HideSolutionNode = FALSE
	EndGlobalSection
	GlobalSection(ExtensibilityGlobals) = postSolution
		SolutionGuid = {53673410-47FD-4B72-A457-017671155BF9}
	EndGlobalSection
EndGlobal
