
Microsoft Visual Studio Solution File, Format Version 12.00
# Visual Studio 15
VisualStudioVersion = 15.0.27004.2006
MinimumVisualStudioVersion = 10.0.40219.1
Project("{8BC9CEB8-8B4A-11D0-8D11-00A0C91BC942}") = "3.16", "3.16\3.16.vcxproj", "{2E99825E-20DD-443D-BA61-B21007B82B75}"
EndProject
Global
	GlobalSection(SolutionConfigurationPlatforms) = preSolution
		Debug|x64 = Debug|x64
		Debug|x86 = Debug|x86
		Release|x64 = Release|x64
		Release|x86 = Release|x86
	EndGlobalSection
	GlobalSection(ProjectConfigurationPlatforms) = postSolution
		{2E99825E-20DD-443D-BA61-B21007B82B75}.Debug|x64.ActiveCfg = Debug|x64
		{2E99825E-20DD-443D-BA61-B21007B82B75}.Debug|x64.Build.0 = Debug|x64
		{2E99825E-20DD-443D-BA61-B21007B82B75}.Debug|x86.ActiveCfg = Debug|Win32
		{2E99825E-20DD-443D-BA61-B21007B82B75}.Debug|x86.Build.0 = Debug|Win32
		{2E99825E-20DD-443D-BA61-B21007B82B75}.Release|x64.ActiveCfg = Release|x64
		{2E99825E-20DD-443D-BA61-B21007B82B75}.Release|x64.Build.0 = Release|x64
		{2E99825E-20DD-443D-BA61-B21007B82B75}.Release|x86.ActiveCfg = Release|Win32
		{2E99825E-20DD-443D-BA61-B21007B82B75}.Release|x86.Build.0 = Release|Win32
	EndGlobalSection
	GlobalSection(SolutionProperties) = preSolution
		HideSolutionNode = FALSE
	EndGlobalSection
	GlobalSection(ExtensibilityGlobals) = postSolution
		SolutionGuid = {3BCC2EA5-EE9D-45C0-9796-36BC10914EEF}
	EndGlobalSection
EndGlobal
