
Microsoft Visual Studio Solution File, Format Version 12.00
# Visual Studio 15
VisualStudioVersion = 15.0.27004.2006
MinimumVisualStudioVersion = 10.0.40219.1
Project("{8BC9CEB8-8B4A-11D0-8D11-00A0C91BC942}") = "4.16", "4.16\4.16.vcxproj", "{9D4AC276-8935-4276-B4E4-8D399466E351}"
EndProject
Global
	GlobalSection(SolutionConfigurationPlatforms) = preSolution
		Debug|x64 = Debug|x64
		Debug|x86 = Debug|x86
		Release|x64 = Release|x64
		Release|x86 = Release|x86
	EndGlobalSection
	GlobalSection(ProjectConfigurationPlatforms) = postSolution
		{9D4AC276-8935-4276-B4E4-8D399466E351}.Debug|x64.ActiveCfg = Debug|x64
		{9D4AC276-8935-4276-B4E4-8D399466E351}.Debug|x64.Build.0 = Debug|x64
		{9D4AC276-8935-4276-B4E4-8D399466E351}.Debug|x86.ActiveCfg = Debug|Win32
		{9D4AC276-8935-4276-B4E4-8D399466E351}.Debug|x86.Build.0 = Debug|Win32
		{9D4AC276-8935-4276-B4E4-8D399466E351}.Release|x64.ActiveCfg = Release|x64
		{9D4AC276-8935-4276-B4E4-8D399466E351}.Release|x64.Build.0 = Release|x64
		{9D4AC276-8935-4276-B4E4-8D399466E351}.Release|x86.ActiveCfg = Release|Win32
		{9D4AC276-8935-4276-B4E4-8D399466E351}.Release|x86.Build.0 = Release|Win32
	EndGlobalSection
	GlobalSection(SolutionProperties) = preSolution
		HideSolutionNode = FALSE
	EndGlobalSection
	GlobalSection(ExtensibilityGlobals) = postSolution
		SolutionGuid = {28683CF4-EF13-409E-9D1E-51B7031EF25D}
	EndGlobalSection
EndGlobal
